
Microsoft Visual Studio Solution File, Format Version 12.00
# Visual Studio Version 17
VisualStudioVersion = 17.14.36401.2 d17.14
MinimumVisualStudioVersion = 10.0.40219.1
Project("{FAE04EC0-301F-11D3-BF4B-00C04F79EFBC}") = "SCHOOLTATBEKIA_API", "SCHOOLTATBEKIA_API.csproj", "{A5DFCF00-4091-474D-BE90-CCBE0DAEC9CA}"
EndProject
Global
	GlobalSection(SolutionConfigurationPlatforms) = preSolution
		Debug|Any CPU = Debug|Any CPU
		Release|Any CPU = Release|Any CPU
	EndGlobalSection
	GlobalSection(ProjectConfigurationPlatforms) = postSolution
		{A5DFCF00-4091-474D-BE90-CCBE0DAEC9CA}.Debug|Any CPU.ActiveCfg = Debug|Any CPU
		{A5DFCF00-4091-474D-BE90-CCBE0DAEC9CA}.Debug|Any CPU.Build.0 = Debug|Any CPU
		{A5DFCF00-4091-474D-BE90-CCBE0DAEC9CA}.Release|Any CPU.ActiveCfg = Release|Any CPU
		{A5DFCF00-4091-474D-BE90-CCBE0DAEC9CA}.Release|Any CPU.Build.0 = Release|Any CPU
	EndGlobalSection
	GlobalSection(SolutionProperties) = preSolution
		HideSolutionNode = FALSE
	EndGlobalSection
	GlobalSection(ExtensibilityGlobals) = postSolution
		SolutionGuid = {C2C09BBC-109A-40C4-966F-224AFC4D4A4C}
	EndGlobalSection
EndGlobal
